Microsoft Visual Studio Solution File, Format Version 12.00
# Visual Studio Version 17
VisualStudioVersion = 17.5.2.0
MinimumVisualStudioVersion = 10.0.40219.1
Project("{FAE04EC0-301F-11D3-BF4B-00C04F79EFBC}") = "YoutubePodcastDownloader.Cli", "YoutubePodcastDownloader.Cli\YoutubePodcastDownloader.Cli.csproj", "{AF1236FA-572E-0001-1E4F-487F0F665D68}"
EndProject
Project("{FAE04EC0-301F-11D3-BF4B-00C04F79EFBC}") = "YoutubePodcastDownloader.Core", "YoutubePodcastDownloader.Core\YoutubePodcastDownloader.Core.csproj", "{AFA9C878-54BE-70EA-FF01-60F5F5F6AC81}"
EndProject
Global
	GlobalSection(SolutionConfigurationPlatforms) = preSolution
		Debug|Any CPU = Debug|Any CPU
		Release|Any CPU = Release|Any CPU
	EndGlobalSection
	GlobalSection(ProjectConfigurationPlatforms) = postSolution
		{AF1236FA-572E-0001-1E4F-487F0F665D68}.Debug|Any CPU.ActiveCfg = Debug|Any CPU
		{AF1236FA-572E-0001-1E4F-487F0F665D68}.Debug|Any CPU.Build.0 = Debug|Any CPU
		{AF1236FA-572E-0001-1E4F-487F0F665D68}.Release|Any CPU.ActiveCfg = Release|Any CPU
		{AF1236FA-572E-0001-1E4F-487F0F665D68}.Release|Any CPU.Build.0 = Release|Any CPU
		{AFA9C878-54BE-70EA-FF01-60F5F5F6AC81}.Debug|Any CPU.ActiveCfg = Debug|Any CPU
		{AFA9C878-54BE-70EA-FF01-60F5F5F6AC81}.Debug|Any CPU.Build.0 = Debug|Any CPU
		{AFA9C878-54BE-70EA-FF01-60F5F5F6AC81}.Release|Any CPU.ActiveCfg = Release|Any CPU
		{AFA9C878-54BE-70EA-FF01-60F5F5F6AC81}.Release|Any CPU.Build.0 = Release|Any CPU
	EndGlobalSection
	GlobalSection(SolutionProperties) = preSolution
		HideSolutionNode = FALSE
	EndGlobalSection
	GlobalSection(ExtensibilityGlobals) = postSolution
		SolutionGuid = {4A535972-641E-468C-9920-21DA92C29E66}
	EndGlobalSection
EndGlobal
